
Microsoft Visual Studio Solution File, Format Version 12.00
# Visual Studio Version 17
VisualStudioVersion = 17.4.33205.214
MinimumVisualStudioVersion = 10.0.40219.1
Project("{FAE04EC0-301F-11D3-BF4B-00C04F79EFBC}") = "ProjetoCalculadora", "ProjetoCalculadora\ProjetoCalculadora.csproj", "{6BD27578-A22D-42C2-9FF3-9796A6D46C0C}"
EndProject
Global
	GlobalSection(SolutionConfigurationPlatforms) = preSolution
		Debug|Any CPU = Debug|Any CPU
		Release|Any CPU = Release|Any CPU
	EndGlobalSection
	GlobalSection(ProjectConfigurationPlatforms) = postSolution
		{6BD27578-A22D-42C2-9FF3-9796A6D46C0C}.Debug|Any CPU.ActiveCfg = Debug|Any CPU
		{6BD27578-A22D-42C2-9FF3-9796A6D46C0C}.Debug|Any CPU.Build.0 = Debug|Any CPU
		{6BD27578-A22D-42C2-9FF3-9796A6D46C0C}.Release|Any CPU.ActiveCfg = Release|Any CPU
		{6BD27578-A22D-42C2-9FF3-9796A6D46C0C}.Release|Any CPU.Build.0 = Release|Any CPU
	EndGlobalSection
	GlobalSection(SolutionProperties) = preSolution
		HideSolutionNode = FALSE
	EndGlobalSection
	GlobalSection(ExtensibilityGlobals) = postSolution
		SolutionGuid = {A1B2EE46-F972-462A-9CB4-4E318111EB5F}
	EndGlobalSection
EndGlobal
